
Microsoft Visual Studio Solution File, Format Version 12.00
# Visual Studio Version 16
VisualStudioVersion = 16.0.34114.132
MinimumVisualStudioVersion = 10.0.40219.1
Project("{8BC9CEB8-8B4A-11D0-8D11-00A0C91BC942}") = "Startup", "Startup.vcxproj", "{5691CB5B-A509-45DF-942A-DB47DF8F18AF}"
	ProjectSection(ProjectDependencies) = postProject
		{4CD97799-260B-4D46-82AB-DBA94DE12E15} = {4CD97799-260B-4D46-82AB-DBA94DE12E15}
	EndProjectSection
EndProject
Project("{8BC9CEB8-8B4A-11D0-8D11-00A0C91BC942}") = "MyEngine", "..\MyEngine\MyEngine.vcxproj", "{4CD97799-260B-4D46-82AB-DBA94DE12E15}"
EndProject
Global
	GlobalSection(SolutionConfigurationPlatforms) = preSolution
		Debug|x64 = Debug|x64
		Debug|x86 = Debug|x86
		Release|x64 = Release|x64
		Release|x86 = Release|x86
	EndGlobalSection
	GlobalSection(ProjectConfigurationPlatforms) = postSolution
		{5691CB5B-A509-45DF-942A-DB47DF8F18AF}.Debug|x64.ActiveCfg = Debug|x64
		{5691CB5B-A509-45DF-942A-DB47DF8F18AF}.Debug|x64.Build.0 = Debug|x64
		{5691CB5B-A509-45DF-942A-DB47DF8F18AF}.Debug|x86.ActiveCfg = Debug|Win32
		{5691CB5B-A509-45DF-942A-DB47DF8F18AF}.Debug|x86.Build.0 = Debug|Win32
		{5691CB5B-A509-45DF-942A-DB47DF8F18AF}.Release|x64.ActiveCfg = Release|x64
		{5691CB5B-A509-45DF-942A-DB47DF8F18AF}.Release|x64.Build.0 = Release|x64
		{5691CB5B-A509-45DF-942A-DB47DF8F18AF}.Release|x86.ActiveCfg = Release|Win32
		{5691CB5B-A509-45DF-942A-DB47DF8F18AF}.Release|x86.Build.0 = Release|Win32
		{4CD97799-260B-4D46-82AB-DBA94DE12E15}.Debug|x64.ActiveCfg = Debug|x64
		{4CD97799-260B-4D46-82AB-DBA94DE12E15}.Debug|x64.Build.0 = Debug|x64
		{4CD97799-260B-4D46-82AB-DBA94DE12E15}.Debug|x86.ActiveCfg = Debug|Win32
		{4CD97799-260B-4D46-82AB-DBA94DE12E15}.Debug|x86.Build.0 = Debug|Win32
		{4CD97799-260B-4D46-82AB-DBA94DE12E15}.Release|x64.ActiveCfg = Release|x64
		{4CD97799-260B-4D46-82AB-DBA94DE12E15}.Release|x64.Build.0 = Release|x64
		{4CD97799-260B-4D46-82AB-DBA94DE12E15}.Release|x86.ActiveCfg = Release|Win32
		{4CD97799-260B-4D46-82AB-DBA94DE12E15}.Release|x86.Build.0 = Release|Win32
	EndGlobalSection
	GlobalSection(SolutionProperties) = preSolution
		HideSolutionNode = FALSE
	EndGlobalSection
	GlobalSection(ExtensibilityGlobals) = postSolution
		SolutionGuid = {927B01E0-A928-44B6-98A5-8FCE12442F0B}
	EndGlobalSection
EndGlobal
