<?xml version="1.0" encoding="utf-8"?>
<Project ToolsVersion="4.0" xmlns="http://schemas.microsoft.com/developer/msbuild/2003">
  <ItemGroup>
    <ClCompile Include="MyEngineAPI.cpp" />
    <ClCompile Include="Camera.cpp" />
    <ClCompile Include="ParticleSystem.cpp" />
  </ItemGroup>
  <ItemGroup>
    <ClInclude Include="MyEngineAPI.h" />
    <ClInclude Include="Camera.h" />
    <ClInclude Include="ParticleSystem.h" />
  </ItemGroup>
  <ItemGroup>
    <Filter Include="hlsl">
      <UniqueIdentifier>{5fad83e8-417c-4f52-beee-7b00e7395b5e}</UniqueIdentifier>
    </Filter>
  </ItemGroup>
  <ItemGroup>
    <None Include="hlsl\Header.hlsli">
      <Filter>hlsl</Filter>
    </None>
    <None Include="hlsl\PS_RayMARCH.hlsl">
      <Filter>hlsl</Filter>
    </None>
    <None Include="hlsl\VS_QUAD.hlsl">
      <Filter>hlsl</Filter>
    </None>
    <None Include="hlsl\Header_Particle.hlsli">
      <Filter>hlsl</Filter>
    </None>
    <None Include="hlsl\CS_particle_emit.hlsl">
      <Filter>hlsl</Filter>
    </None>
    <None Include="hlsl\CS_particle_finishUpdate.hlsl">
      <Filter>hlsl</Filter>
    </None>
    <None Include="hlsl\CS_particle_kickoffUpdate.hlsl">
      <Filter>hlsl</Filter>
    </None>
    <None Include="hlsl\CS_particle_simulate.hlsl">
      <Filter>hlsl</Filter>
    </None>
    <None Include="hlsl\PS_Particle_RayMARCH.hlsl">
      <Filter>hlsl</Filter>
    </None>
    <None Include="hlsl\VS_Particle.hlsl">
      <Filter>hlsl</Filter>
    </None>
  </ItemGroup>
</Project>