<?xml version="1.0" encoding="utf-8"?>
<Project ToolsVersion="4.0" xmlns="http://schemas.microsoft.com/developer/msbuild/2003">
  <ItemGroup>
    <ClCompile Include="MyEngineAPI.cpp" />
    <ClCompile Include="Camera.cpp" />
    <ClCompile Include="Helper.cpp" />
    <ClCompile Include="CameraController.cpp" />
    <ClCompile Include="GeometryGenerator.cpp" />
  </ItemGroup>
  <ItemGroup>
    <ClInclude Include="MyEngineAPI.h" />
    <ClInclude Include="Camera.h" />
    <ClInclude Include="Helper.h" />
    <ClInclude Include="CameraController.h" />
    <ClInclude Include="GeometryGenerator.h" />
    <ClInclude Include="Vertex.h" />
    <ClInclude Include="MeshData.h" />
  </ItemGroup>
  <ItemGroup>
    <Filter Include="hlsl">
      <UniqueIdentifier>{5fad83e8-417c-4f52-beee-7b00e7395b5e}</UniqueIdentifier>
    </Filter>
  </ItemGroup>
  <ItemGroup>
    <None Include="hlsl\Header.hlsli">
      <Filter>hlsl</Filter>
    </None>
    <None Include="cpp.hint" />
    <None Include="hlsl\PS_ParticleSystem.hlsl">
      <Filter>hlsl</Filter>
    </None>
    <None Include="hlsl\VS_ParticleSystem.hlsl">
      <Filter>hlsl</Filter>
    </None>
    <None Include="hlsl\CS_ParticleSystem_Emit.hlsl">
      <Filter>hlsl</Filter>
    </None>
    <None Include="hlsl\CS_ParticleSystem_Simulate.hlsl">
      <Filter>hlsl</Filter>
    </None>
    <None Include="hlsl\PS_RayMARCH.hlsl">
      <Filter>hlsl</Filter>
    </None>
    <None Include="hlsl\VS_QUAD.hlsl">
      <Filter>hlsl</Filter>
    </None>
    <None Include="hlsl\CS_ParticleSystem_KickoffUpdate.hlsl">
      <Filter>hlsl</Filter>
    </None>
    <None Include="hlsl\GS_ParticleSystem.hlsl">
      <Filter>hlsl</Filter>
    </None>
    <None Include="ShaderCompile.bat" />
    <None Include="hlsl\PS_Default.hlsl">
      <Filter>hlsl</Filter>
    </None>
    <None Include="hlsl\VS_Default.hlsl">
      <Filter>hlsl</Filter>
    </None>
  </ItemGroup>
</Project>